
Microsoft Visual Studio Solution File, Format Version 12.00
# Visual Studio 15
VisualStudioVersion = 15.0.26124.0
MinimumVisualStudioVersion = 15.0.26124.0
Project("{2150E333-8FDC-42A3-9474-1A3956D46DE8}") = "Libraries", "Libraries", "{D09A8E4A-278C-4964-A25D-2156C7C34458}"
EndProject
Project("{2150E333-8FDC-42A3-9474-1A3956D46DE8}") = "Presentation", "Presentation", "{C351D365-8E6E-455C-AF48-2823123CE1CD}"
EndProject
Project("{9A19103F-16F7-4668-BE54-9A1E7A4F7556}") = "Wiz.Core", "Wiz.Core\Wiz.Core.csproj", "{81B704EB-56A0-40C8-8406-254F8FFBC168}"
EndProject
Project("{FAE04EC0-301F-11D3-BF4B-00C04F79EFBC}") = "Wiz.Web", "Wiz.Web\Wiz.Web.csproj", "{FEEBD16F-9C5B-4D7F-8BF5-CC769AB09C84}"
EndProject
Project("{FAE04EC0-301F-11D3-BF4B-00C04F79EFBC}") = "Wiz.Service", "Wiz.Service\Wiz.Service.csproj", "{2B698942-44D8-4F19-B0AD-07C17CC34F8D}"
EndProject
Project("{FAE04EC0-301F-11D3-BF4B-00C04F79EFBC}") = "Wiz.Data", "Wiz.Data\Wiz.Data.csproj", "{838B7B13-095A-48B6-A4CE-10BEAE1460CC}"
EndProject
Global
	GlobalSection(SolutionConfigurationPlatforms) = preSolution
		Debug|Any CPU = Debug|Any CPU
		Debug|x64 = Debug|x64
		Debug|x86 = Debug|x86
		Release|Any CPU = Release|Any CPU
		Release|x64 = Release|x64
		Release|x86 = Release|x86
	EndGlobalSection
	GlobalSection(ProjectConfigurationPlatforms) = postSolution
		{81B704EB-56A0-40C8-8406-254F8FFBC168}.Debug|Any CPU.ActiveCfg = Debug|Any CPU
		{81B704EB-56A0-40C8-8406-254F8FFBC168}.Debug|Any CPU.Build.0 = Debug|Any CPU
		{81B704EB-56A0-40C8-8406-254F8FFBC168}.Debug|x64.ActiveCfg = Debug|Any CPU
		{81B704EB-56A0-40C8-8406-254F8FFBC168}.Debug|x64.Build.0 = Debug|Any CPU
		{81B704EB-56A0-40C8-8406-254F8FFBC168}.Debug|x86.ActiveCfg = Debug|Any CPU
		{81B704EB-56A0-40C8-8406-254F8FFBC168}.Debug|x86.Build.0 = Debug|Any CPU
		{81B704EB-56A0-40C8-8406-254F8FFBC168}.Release|Any CPU.ActiveCfg = Release|Any CPU
		{81B704EB-56A0-40C8-8406-254F8FFBC168}.Release|Any CPU.Build.0 = Release|Any CPU
		{81B704EB-56A0-40C8-8406-254F8FFBC168}.Release|x64.ActiveCfg = Release|Any CPU
		{81B704EB-56A0-40C8-8406-254F8FFBC168}.Release|x64.Build.0 = Release|Any CPU
		{81B704EB-56A0-40C8-8406-254F8FFBC168}.Release|x86.ActiveCfg = Release|Any CPU
		{81B704EB-56A0-40C8-8406-254F8FFBC168}.Release|x86.Build.0 = Release|Any CPU
		{FEEBD16F-9C5B-4D7F-8BF5-CC769AB09C84}.Debug|Any CPU.ActiveCfg = Debug|Any CPU
		{FEEBD16F-9C5B-4D7F-8BF5-CC769AB09C84}.Debug|Any CPU.Build.0 = Debug|Any CPU
		{FEEBD16F-9C5B-4D7F-8BF5-CC769AB09C84}.Debug|x64.ActiveCfg = Debug|Any CPU
		{FEEBD16F-9C5B-4D7F-8BF5-CC769AB09C84}.Debug|x64.Build.0 = Debug|Any CPU
		{FEEBD16F-9C5B-4D7F-8BF5-CC769AB09C84}.Debug|x86.ActiveCfg = Debug|Any CPU
		{FEEBD16F-9C5B-4D7F-8BF5-CC769AB09C84}.Debug|x86.Build.0 = Debug|Any CPU
		{FEEBD16F-9C5B-4D7F-8BF5-CC769AB09C84}.Release|Any CPU.ActiveCfg = Release|Any CPU
		{FEEBD16F-9C5B-4D7F-8BF5-CC769AB09C84}.Release|Any CPU.Build.0 = Release|Any CPU
		{FEEBD16F-9C5B-4D7F-8BF5-CC769AB09C84}.Release|x64.ActiveCfg = Release|Any CPU
		{FEEBD16F-9C5B-4D7F-8BF5-CC769AB09C84}.Release|x64.Build.0 = Release|Any CPU
		{FEEBD16F-9C5B-4D7F-8BF5-CC769AB09C84}.Release|x86.ActiveCfg = Release|Any CPU
		{FEEBD16F-9C5B-4D7F-8BF5-CC769AB09C84}.Release|x86.Build.0 = Release|Any CPU
		{2B698942-44D8-4F19-B0AD-07C17CC34F8D}.Debug|Any CPU.ActiveCfg = Debug|Any CPU
		{2B698942-44D8-4F19-B0AD-07C17CC34F8D}.Debug|Any CPU.Build.0 = Debug|Any CPU
		{2B698942-44D8-4F19-B0AD-07C17CC34F8D}.Debug|x64.ActiveCfg = Debug|Any CPU
		{2B698942-44D8-4F19-B0AD-07C17CC34F8D}.Debug|x64.Build.0 = Debug|Any CPU
		{2B698942-44D8-4F19-B0AD-07C17CC34F8D}.Debug|x86.ActiveCfg = Debug|Any CPU
		{2B698942-44D8-4F19-B0AD-07C17CC34F8D}.Debug|x86.Build.0 = Debug|Any CPU
		{2B698942-44D8-4F19-B0AD-07C17CC34F8D}.Release|Any CPU.ActiveCfg = Release|Any CPU
		{2B698942-44D8-4F19-B0AD-07C17CC34F8D}.Release|Any CPU.Build.0 = Release|Any CPU
		{2B698942-44D8-4F19-B0AD-07C17CC34F8D}.Release|x64.ActiveCfg = Release|Any CPU
		{2B698942-44D8-4F19-B0AD-07C17CC34F8D}.Release|x64.Build.0 = Release|Any CPU
		{2B698942-44D8-4F19-B0AD-07C17CC34F8D}.Release|x86.ActiveCfg = Release|Any CPU
		{2B698942-44D8-4F19-B0AD-07C17CC34F8D}.Release|x86.Build.0 = Release|Any CPU
		{838B7B13-095A-48B6-A4CE-10BEAE1460CC}.Debug|Any CPU.ActiveCfg = Debug|Any CPU
		{838B7B13-095A-48B6-A4CE-10BEAE1460CC}.Debug|Any CPU.Build.0 = Debug|Any CPU
		{838B7B13-095A-48B6-A4CE-10BEAE1460CC}.Debug|x64.ActiveCfg = Debug|Any CPU
		{838B7B13-095A-48B6-A4CE-10BEAE1460CC}.Debug|x64.Build.0 = Debug|Any CPU
		{838B7B13-095A-48B6-A4CE-10BEAE1460CC}.Debug|x86.ActiveCfg = Debug|Any CPU
		{838B7B13-095A-48B6-A4CE-10BEAE1460CC}.Debug|x86.Build.0 = Debug|Any CPU
		{838B7B13-095A-48B6-A4CE-10BEAE1460CC}.Release|Any CPU.ActiveCfg = Release|Any CPU
		{838B7B13-095A-48B6-A4CE-10BEAE1460CC}.Release|Any CPU.Build.0 = Release|Any CPU
		{838B7B13-095A-48B6-A4CE-10BEAE1460CC}.Release|x64.ActiveCfg = Release|Any CPU
		{838B7B13-095A-48B6-A4CE-10BEAE1460CC}.Release|x64.Build.0 = Release|Any CPU
		{838B7B13-095A-48B6-A4CE-10BEAE1460CC}.Release|x86.ActiveCfg = Release|Any CPU
		{838B7B13-095A-48B6-A4CE-10BEAE1460CC}.Release|x86.Build.0 = Release|Any CPU
	EndGlobalSection
	GlobalSection(SolutionProperties) = preSolution
		HideSolutionNode = FALSE
	EndGlobalSection
	GlobalSection(NestedProjects) = preSolution
		{81B704EB-56A0-40C8-8406-254F8FFBC168} = {D09A8E4A-278C-4964-A25D-2156C7C34458}
		{FEEBD16F-9C5B-4D7F-8BF5-CC769AB09C84} = {C351D365-8E6E-455C-AF48-2823123CE1CD}
		{2B698942-44D8-4F19-B0AD-07C17CC34F8D} = {D09A8E4A-278C-4964-A25D-2156C7C34458}
		{838B7B13-095A-48B6-A4CE-10BEAE1460CC} = {D09A8E4A-278C-4964-A25D-2156C7C34458}
	EndGlobalSection
	GlobalSection(ExtensibilityGlobals) = postSolution
		SolutionGuid = {FA23BD4C-05FB-4CF0-B6B5-9B62993388E6}
	EndGlobalSection
EndGlobal
