
Microsoft Visual Studio Solution File, Format Version 12.00
# Visual Studio 15
VisualStudioVersion = 15.0.26124.0
MinimumVisualStudioVersion = 15.0.26124.0
Project("{2150E333-8FDC-42A3-9474-1A3956D46DE8}") = "Libraries", "Libraries", "{D09A8E4A-278C-4964-A25D-2156C7C34458}"
EndProject
Project("{FAE04EC0-301F-11D3-BF4B-00C04F79EFBC}") = "Wiz.Core", "Wiz.Core\Wiz.Core.csproj", "{3153BB31-E942-4FCD-A592-AF054E6ED6B7}"
EndProject
Project("{FAE04EC0-301F-11D3-BF4B-00C04F79EFBC}") = "Wiz.Data", "Wiz.Data\Wiz.Data.csproj", "{0EDFF9B2-93F5-4E47-88A1-B27D987DD87E}"
EndProject
Project("{FAE04EC0-301F-11D3-BF4B-00C04F79EFBC}") = "Wiz.Service", "Wiz.Service\Wiz.Service.csproj", "{16CBA895-E85F-4521-A1C4-AB2AB2095EBF}"
EndProject
Global
	GlobalSection(SolutionConfigurationPlatforms) = preSolution
		Debug|Any CPU = Debug|Any CPU
		Debug|x64 = Debug|x64
		Debug|x86 = Debug|x86
		Release|Any CPU = Release|Any CPU
		Release|x64 = Release|x64
		Release|x86 = Release|x86
	EndGlobalSection
	GlobalSection(ProjectConfigurationPlatforms) = postSolution
		{3153BB31-E942-4FCD-A592-AF054E6ED6B7}.Debug|Any CPU.ActiveCfg = Debug|Any CPU
		{3153BB31-E942-4FCD-A592-AF054E6ED6B7}.Debug|Any CPU.Build.0 = Debug|Any CPU
		{3153BB31-E942-4FCD-A592-AF054E6ED6B7}.Debug|x64.ActiveCfg = Debug|Any CPU
		{3153BB31-E942-4FCD-A592-AF054E6ED6B7}.Debug|x64.Build.0 = Debug|Any CPU
		{3153BB31-E942-4FCD-A592-AF054E6ED6B7}.Debug|x86.ActiveCfg = Debug|Any CPU
		{3153BB31-E942-4FCD-A592-AF054E6ED6B7}.Debug|x86.Build.0 = Debug|Any CPU
		{3153BB31-E942-4FCD-A592-AF054E6ED6B7}.Release|Any CPU.ActiveCfg = Release|Any CPU
		{3153BB31-E942-4FCD-A592-AF054E6ED6B7}.Release|Any CPU.Build.0 = Release|Any CPU
		{3153BB31-E942-4FCD-A592-AF054E6ED6B7}.Release|x64.ActiveCfg = Release|Any CPU
		{3153BB31-E942-4FCD-A592-AF054E6ED6B7}.Release|x64.Build.0 = Release|Any CPU
		{3153BB31-E942-4FCD-A592-AF054E6ED6B7}.Release|x86.ActiveCfg = Release|Any CPU
		{3153BB31-E942-4FCD-A592-AF054E6ED6B7}.Release|x86.Build.0 = Release|Any CPU
		{0EDFF9B2-93F5-4E47-88A1-B27D987DD87E}.Debug|Any CPU.ActiveCfg = Debug|Any CPU
		{0EDFF9B2-93F5-4E47-88A1-B27D987DD87E}.Debug|Any CPU.Build.0 = Debug|Any CPU
		{0EDFF9B2-93F5-4E47-88A1-B27D987DD87E}.Debug|x64.ActiveCfg = Debug|Any CPU
		{0EDFF9B2-93F5-4E47-88A1-B27D987DD87E}.Debug|x64.Build.0 = Debug|Any CPU
		{0EDFF9B2-93F5-4E47-88A1-B27D987DD87E}.Debug|x86.ActiveCfg = Debug|Any CPU
		{0EDFF9B2-93F5-4E47-88A1-B27D987DD87E}.Debug|x86.Build.0 = Debug|Any CPU
		{0EDFF9B2-93F5-4E47-88A1-B27D987DD87E}.Release|Any CPU.ActiveCfg = Release|Any CPU
		{0EDFF9B2-93F5-4E47-88A1-B27D987DD87E}.Release|Any CPU.Build.0 = Release|Any CPU
		{0EDFF9B2-93F5-4E47-88A1-B27D987DD87E}.Release|x64.ActiveCfg = Release|Any CPU
		{0EDFF9B2-93F5-4E47-88A1-B27D987DD87E}.Release|x64.Build.0 = Release|Any CPU
		{0EDFF9B2-93F5-4E47-88A1-B27D987DD87E}.Release|x86.ActiveCfg = Release|Any CPU
		{0EDFF9B2-93F5-4E47-88A1-B27D987DD87E}.Release|x86.Build.0 = Release|Any CPU
		{16CBA895-E85F-4521-A1C4-AB2AB2095EBF}.Debug|Any CPU.ActiveCfg = Debug|Any CPU
		{16CBA895-E85F-4521-A1C4-AB2AB2095EBF}.Debug|Any CPU.Build.0 = Debug|Any CPU
		{16CBA895-E85F-4521-A1C4-AB2AB2095EBF}.Debug|x64.ActiveCfg = Debug|Any CPU
		{16CBA895-E85F-4521-A1C4-AB2AB2095EBF}.Debug|x64.Build.0 = Debug|Any CPU
		{16CBA895-E85F-4521-A1C4-AB2AB2095EBF}.Debug|x86.ActiveCfg = Debug|Any CPU
		{16CBA895-E85F-4521-A1C4-AB2AB2095EBF}.Debug|x86.Build.0 = Debug|Any CPU
		{16CBA895-E85F-4521-A1C4-AB2AB2095EBF}.Release|Any CPU.ActiveCfg = Release|Any CPU
		{16CBA895-E85F-4521-A1C4-AB2AB2095EBF}.Release|Any CPU.Build.0 = Release|Any CPU
		{16CBA895-E85F-4521-A1C4-AB2AB2095EBF}.Release|x64.ActiveCfg = Release|Any CPU
		{16CBA895-E85F-4521-A1C4-AB2AB2095EBF}.Release|x64.Build.0 = Release|Any CPU
		{16CBA895-E85F-4521-A1C4-AB2AB2095EBF}.Release|x86.ActiveCfg = Release|Any CPU
		{16CBA895-E85F-4521-A1C4-AB2AB2095EBF}.Release|x86.Build.0 = Release|Any CPU
	EndGlobalSection
	GlobalSection(SolutionProperties) = preSolution
		HideSolutionNode = FALSE
	EndGlobalSection
	GlobalSection(NestedProjects) = preSolution
		{3153BB31-E942-4FCD-A592-AF054E6ED6B7} = {D09A8E4A-278C-4964-A25D-2156C7C34458}
		{0EDFF9B2-93F5-4E47-88A1-B27D987DD87E} = {D09A8E4A-278C-4964-A25D-2156C7C34458}
		{16CBA895-E85F-4521-A1C4-AB2AB2095EBF} = {D09A8E4A-278C-4964-A25D-2156C7C34458}
	EndGlobalSection
	GlobalSection(ExtensibilityGlobals) = postSolution
		SolutionGuid = {FA23BD4C-05FB-4CF0-B6B5-9B62993388E6}
	EndGlobalSection
EndGlobal
